
Microsoft Visual Studio Solution File, Format Version 12.00
# Visual Studio 2012
Project("{FAE04EC0-301F-11D3-BF4B-00C04F79EFBC}") = "OnlineMarketPlace", "OnlineMarketPlace\OnlineMarketPlace.csproj", "{3BEF232F-A290-40DD-9AAF-314D9509694F}"
EndProject
Project("{FAE04EC0-301F-11D3-BF4B-00C04F79EFBC}") = "DataLayer", "DataLayer\DataLayer.csproj", "{2F6FA580-02DC-4CB1-9618-9D9B3E679493}"
EndProject
Global
	GlobalSection(SolutionConfigurationPlatforms) = preSolution
		Debug|Any CPU = Debug|Any CPU
		Release|Any CPU = Release|Any CPU
	EndGlobalSection
	GlobalSection(ProjectConfigurationPlatforms) = postSolution
		{3BEF232F-A290-40DD-9AAF-314D9509694F}.Debug|Any CPU.ActiveCfg = Debug|Any CPU
		{3BEF232F-A290-40DD-9AAF-314D9509694F}.Debug|Any CPU.Build.0 = Debug|Any CPU
		{3BEF232F-A290-40DD-9AAF-314D9509694F}.Release|Any CPU.ActiveCfg = Release|Any CPU
		{3BEF232F-A290-40DD-9AAF-314D9509694F}.Release|Any CPU.Build.0 = Release|Any CPU
		{2F6FA580-02DC-4CB1-9618-9D9B3E679493}.Debug|Any CPU.ActiveCfg = Debug|Any CPU
		{2F6FA580-02DC-4CB1-9618-9D9B3E679493}.Debug|Any CPU.Build.0 = Debug|Any CPU
		{2F6FA580-02DC-4CB1-9618-9D9B3E679493}.Release|Any CPU.ActiveCfg = Release|Any CPU
		{2F6FA580-02DC-4CB1-9618-9D9B3E679493}.Release|Any CPU.Build.0 = Release|Any CPU
	EndGlobalSection
	GlobalSection(SolutionProperties) = preSolution
		HideSolutionNode = FALSE
	EndGlobalSection
EndGlobal
